
Microsoft Visual Studio Solution File, Format Version 12.00
# Visual Studio Version 17
VisualStudioVersion = 17.3.32901.215
MinimumVisualStudioVersion = 10.0.40219.1
Project("{FAE04EC0-301F-11D3-BF4B-00C04F79EFBC}") = "for-dongu-faktoriyel", "for-dongu-faktoriyel\for-dongu-faktoriyel.csproj", "{0203EDE2-BC4F-48B1-8076-4AC46B5655CD}"
EndProject
Global
	GlobalSection(SolutionConfigurationPlatforms) = preSolution
		Debug|Any CPU = Debug|Any CPU
		Release|Any CPU = Release|Any CPU
	EndGlobalSection
	GlobalSection(ProjectConfigurationPlatforms) = postSolution
		{0203EDE2-BC4F-48B1-8076-4AC46B5655CD}.Debug|Any CPU.ActiveCfg = Debug|Any CPU
		{0203EDE2-BC4F-48B1-8076-4AC46B5655CD}.Debug|Any CPU.Build.0 = Debug|Any CPU
		{0203EDE2-BC4F-48B1-8076-4AC46B5655CD}.Release|Any CPU.ActiveCfg = Release|Any CPU
		{0203EDE2-BC4F-48B1-8076-4AC46B5655CD}.Release|Any CPU.Build.0 = Release|Any CPU
	EndGlobalSection
	GlobalSection(SolutionProperties) = preSolution
		HideSolutionNode = FALSE
	EndGlobalSection
	GlobalSection(ExtensibilityGlobals) = postSolution
		SolutionGuid = {3470A0FF-A8BA-4AC6-860D-A51B7CFA043B}
	EndGlobalSection
EndGlobal
